
Microsoft Visual Studio Solution File, Format Version 12.00
# Visual Studio 2012
Project("{FAE04EC0-301F-11D3-BF4B-00C04F79EFBC}") = "GoogleCastiOSSDKBinding2", "GoogleCastiOSSDKBinding2\GoogleCastiOSSDKBinding2.csproj", "{816E84C1-8C33-41F1-AF99-EC5A5BEA53D4}"
EndProject
Global
	GlobalSection(SolutionConfigurationPlatforms) = preSolution
		Debug|Any CPU = Debug|Any CPU
		Release|Any CPU = Release|Any CPU
	EndGlobalSection
	GlobalSection(ProjectConfigurationPlatforms) = postSolution
		{816E84C1-8C33-41F1-AF99-EC5A5BEA53D4}.Debug|Any CPU.ActiveCfg = Debug|Any CPU
		{816E84C1-8C33-41F1-AF99-EC5A5BEA53D4}.Debug|Any CPU.Build.0 = Debug|Any CPU
		{816E84C1-8C33-41F1-AF99-EC5A5BEA53D4}.Release|Any CPU.ActiveCfg = Release|Any CPU
		{816E84C1-8C33-41F1-AF99-EC5A5BEA53D4}.Release|Any CPU.Build.0 = Release|Any CPU
	EndGlobalSection
EndGlobal
